// !$*UTF8*$!
{
	archiveVersion = 1;
	classes = {
	};
	objectVersion = 46;
	objects = {

/* Begin PBXBuildFile section */
		78D4CBE61F19CEE900406EFD /* AppDelegate.swift in Sources */ = {isa = PBXBuildFile; fileRef = 78D4CBE51F19CEE900406EFD /* AppDelegate.swift */; };
		78D4CBEB1F19CEE900406EFD /* Main.storyboard in Resources */ = {isa = PBXBuildFile; fileRef = 78D4CBE91F19CEE900406EFD /* Main.storyboard */; };
		78D4CBEE1F19CEE900406EFD /* CoolSlidingMenu.xcdatamodeld in Sources */ = {isa = PBXBuildFile; fileRef = 78D4CBEC1F19CEE900406EFD /* CoolSlidingMenu.xcdatamodeld */; };
		78D4CBF01F19CEE900406EFD /* Assets.xcassets in Resources */ = {isa = PBXBuildFile; fileRef = 78D4CBEF1F19CEE900406EFD /* Assets.xcassets */; };
		78D4CBF31F19CEE900406EFD /* LaunchScreen.storyboard in Resources */ = {isa = PBXBuildFile; fileRef = 78D4CBF11F19CEE900406EFD /* LaunchScreen.storyboard */; };
		78D4CBFE1F19CEE900406EFD /* CoolSlidingMenuTests.swift in Sources */ = {isa = PBXBuildFile; fileRef = 78D4CBFD1F19CEE900406EFD /* CoolSlidingMenuTests.swift */; };
		78D4CC091F19CEE900406EFD /* CoolSlidingMenuUITests.swift in Sources */ = {isa = PBXBuildFile; fileRef = 78D4CC081F19CEE900406EFD /* CoolSlidingMenuUITests.swift */; };
		78D4CC1F1F19CFBA00406EFD /* ViewController.swift in Sources */ = {isa = PBXBuildFile; fileRef = 78D4CC1E1F19CFBA00406EFD /* ViewController.swift */; };
		78D4CC211F19D01900406EFD /* DemoTableViewController.swift in Sources */ = {isa = PBXBuildFile; fileRef = 78D4CC201F19D01900406EFD /* DemoTableViewController.swift */; };
		78D4CC7E1F19D0BB00406EFD /* back@2x.png in Resources */ = {isa = PBXBuildFile; fileRef = 78D4CC601F19D0BB00406EFD /* back@2x.png */; };
		78D4CC7F1F19D0BB00406EFD /* background_home_searchBar@2x.png in Resources */ = {isa = PBXBuildFile; fileRef = 78D4CC611F19D0BB00406EFD /* background_home_searchBar@2x.png */; };
		78D4CC801F19D0BB00406EFD /* bg_customReview_image_default.png in Resources */ = {isa = PBXBuildFile; fileRef = 78D4CC621F19D0BB00406EFD /* bg_customReview_image_default.png */; };
		78D4CC811F19D0BB00406EFD /* btn_backItem.png in Resources */ = {isa = PBXBuildFile; fileRef = 78D4CC631F19D0BB00406EFD /* btn_backItem.png */; };
		78D4CC821F19D0BB00406EFD /* ic_deal_noBooking@2x.png in Resources */ = {isa = PBXBuildFile; fileRef = 78D4CC641F19D0BB00406EFD /* ic_deal_noBooking@2x.png */; };
		78D4CC831F19D0BB00406EFD /* icon_collect.png in Resources */ = {isa = PBXBuildFile; fileRef = 78D4CC651F19D0BB00406EFD /* icon_collect.png */; };
		78D4CC841F19D0BB00406EFD /* icon_collect_highlighted.png in Resources */ = {isa = PBXBuildFile; fileRef = 78D4CC661F19D0BB00406EFD /* icon_collect_highlighted.png */; };
		78D4CC851F19D0BB00406EFD /* icon_deal_anytime_refund@2x.png in Resources */ = {isa = PBXBuildFile; fileRef = 78D4CC671F19D0BB00406EFD /* icon_deal_anytime_refund@2x.png */; };
		78D4CC861F19D0BB00406EFD /* icon_homepage_beautyCategory.png in Resources */ = {isa = PBXBuildFile; fileRef = 78D4CC681F19D0BB00406EFD /* icon_homepage_beautyCategory.png */; };
		78D4CC871F19D0BB00406EFD /* icon_homepage_default.png in Resources */ = {isa = PBXBuildFile; fileRef = 78D4CC691F19D0BB00406EFD /* icon_homepage_default.png */; };
		78D4CC881F19D0BB00406EFD /* icon_homepage_downArrow@2x.png in Resources */ = {isa = PBXBuildFile; fileRef = 78D4CC6A1F19D0BB00406EFD /* icon_homepage_downArrow@2x.png */; };
		78D4CC891F19D0BB00406EFD /* icon_homepage_entertainmentCategory.png in Resources */ = {isa = PBXBuildFile; fileRef = 78D4CC6B1F19D0BB00406EFD /* icon_homepage_entertainmentCategory.png */; };
		78D4CC8A1F19D0BB00406EFD /* icon_homepage_foodCategory.png in Resources */ = {isa = PBXBuildFile; fileRef = 78D4CC6C1F19D0BB00406EFD /* icon_homepage_foodCategory.png */; };
		78D4CC8B1F19D0BB00406EFD /* icon_homepage_foottreatCategory.png in Resources */ = {isa = PBXBuildFile; fileRef = 78D4CC6D1F19D0BB00406EFD /* icon_homepage_foottreatCategory.png */; };
		78D4CC8C1F19D0BB00406EFD /* icon_homepage_hotelCategory.png in Resources */ = {isa = PBXBuildFile; fileRef = 78D4CC6E1F19D0BB00406EFD /* icon_homepage_hotelCategory.png */; };
		78D4CC8D1F19D0BB00406EFD /* icon_homepage_KTVCategory.png in Resources */ = {isa = PBXBuildFile; fileRef = 78D4CC6F1F19D0BB00406EFD /* icon_homepage_KTVCategory.png */; };
		78D4CC8E1F19D0BB00406EFD /* icon_homepage_lifeServiceCategory.png in Resources */ = {isa = PBXBuildFile; fileRef = 78D4CC701F19D0BB00406EFD /* icon_homepage_lifeServiceCategory.png */; };
		78D4CC8F1F19D0BB00406EFD /* icon_homepage_map.png in Resources */ = {isa = PBXBuildFile; fileRef = 78D4CC711F19D0BB00406EFD /* icon_homepage_map.png */; };
		78D4CC901F19D0BB00406EFD /* icon_homepage_map_old.png in Resources */ = {isa = PBXBuildFile; fileRef = 78D4CC721F19D0BB00406EFD /* icon_homepage_map_old.png */; };
		78D4CC911F19D0BB00406EFD /* icon_homepage_map_selected.png in Resources */ = {isa = PBXBuildFile; fileRef = 78D4CC731F19D0BB00406EFD /* icon_homepage_map_selected.png */; };
		78D4CC921F19D0BB00406EFD /* icon_homepage_map_selected_old.png in Resources */ = {isa = PBXBuildFile; fileRef = 78D4CC741F19D0BB00406EFD /* icon_homepage_map_selected_old.png */; };
		78D4CC931F19D0BB00406EFD /* icon_homepage_movieCategory.png in Resources */ = {isa = PBXBuildFile; fileRef = 78D4CC751F19D0BB00406EFD /* icon_homepage_movieCategory.png */; };
		78D4CC941F19D0BB00406EFD /* icon_homepage_search.png in Resources */ = {isa = PBXBuildFile; fileRef = 78D4CC761F19D0BB00406EFD /* icon_homepage_search.png */; };
		78D4CC951F19D0BB00406EFD /* icon_homepage_shoppingCategory.png in Resources */ = {isa = PBXBuildFile; fileRef = 78D4CC771F19D0BB00406EFD /* icon_homepage_shoppingCategory.png */; };
		78D4CC961F19D0BB00406EFD /* icon_homepage_takeoutCategory.png in Resources */ = {isa = PBXBuildFile; fileRef = 78D4CC781F19D0BB00406EFD /* icon_homepage_takeoutCategory.png */; };
		78D4CC971F19D0BB00406EFD /* icon_homepage_upArrow@2x.png in Resources */ = {isa = PBXBuildFile; fileRef = 78D4CC791F19D0BB00406EFD /* icon_homepage_upArrow@2x.png */; };
		78D4CC981F19D0BB00406EFD /* icon_merchant_share_highlighted.png in Resources */ = {isa = PBXBuildFile; fileRef = 78D4CC7A1F19D0BB00406EFD /* icon_merchant_share_highlighted.png */; };
		78D4CC991F19D0BB00406EFD /* icon_merchant_share_normal.png in Resources */ = {isa = PBXBuildFile; fileRef = 78D4CC7B1F19D0BB00406EFD /* icon_merchant_share_normal.png */; };
		78D4CC9A1F19D0BB00406EFD /* todaySpecialHeaderTitleImage@2x.png in Resources */ = {isa = PBXBuildFile; fileRef = 78D4CC7C1F19D0BB00406EFD /* todaySpecialHeaderTitleImage@2x.png */; };
		78D4CC9B1F19D0BB00406EFD /* todaySpecialHeaderTitleImage@3x.png in Resources */ = {isa = PBXBuildFile; fileRef = 78D4CC7D1F19D0BB00406EFD /* todaySpecialHeaderTitleImage@3x.png */; };
		78D4CC9D1F19D0CB00406EFD /* menuData.plist in Resources */ = {isa = PBXBuildFile; fileRef = 78D4CC9C1F19D0CB00406EFD /* menuData.plist */; };
		78D4CC9F1F19D10100406EFD /* Demo1stTableViewCell.swift in Sources */ = {isa = PBXBuildFile; fileRef = 78D4CC9E1F19D10100406EFD /* Demo1stTableViewCell.swift */; };
		78D4CCA11F19D12700406EFD /* CoolSlidingMenuView.swift in Sources */ = {isa = PBXBuildFile; fileRef = 78D4CCA01F19D12700406EFD /* CoolSlidingMenuView.swift */; };
		78D4CCA41F19D16A00406EFD /* CoolSlidingMenuCollectionViewCell.swift in Sources */ = {isa = PBXBuildFile; fileRef = 78D4CCA21F19D16A00406EFD /* CoolSlidingMenuCollectionViewCell.swift */; };
		78D4CCA51F19D16A00406EFD /* CoolSlidingMenuCollectionViewCell.xib in Resources */ = {isa = PBXBuildFile; fileRef = 78D4CCA31F19D16A00406EFD /* CoolSlidingMenuCollectionViewCell.xib */; };
		78D4CCA71F19D19100406EFD /* CoolSlidingMenuManager.swift in Sources */ = {isa = PBXBuildFile; fileRef = 78D4CCA61F19D19100406EFD /* CoolSlidingMenuManager.swift */; };
/* End PBXBuildFile section */

/* Begin PBXContainerItemProxy section */
		78D4CBFA1F19CEE900406EFD /* PBXContainerItemProxy */ = {
			isa = PBXContainerItemProxy;
			containerPortal = 78D4CBDA1F19CEE900406EFD /* Project object */;
			proxyType = 1;
			remoteGlobalIDString = 78D4CBE11F19CEE900406EFD;
			remoteInfo = CoolSlidingMenu;
		};
		78D4CC051F19CEE900406EFD /* PBXContainerItemProxy */ = {
			isa = PBXContainerItemProxy;
			containerPortal = 78D4CBDA1F19CEE900406EFD /* Project object */;
			proxyType = 1;
			remoteGlobalIDString = 78D4CBE11F19CEE900406EFD;
			remoteInfo = CoolSlidingMenu;
		};
/* End PBXContainerItemProxy section */

/* Begin PBXFileReference section */
		78D4CBE21F19CEE900406EFD /* CoolSlidingMenu.app */ = {isa = PBXFileReference; explicitFileType = wrapper.application; includeInIndex = 0; path = CoolSlidingMenu.app; sourceTree = BUILT_PRODUCTS_DIR; };
		78D4CBE51F19CEE900406EFD /* AppDelegate.swift */ = {isa = PBXFileReference; lastKnownFileType = sourcecode.swift; path = AppDelegate.swift; sourceTree = "<group>"; };
		78D4CBEA1F19CEE900406EFD /* Base */ = {isa = PBXFileReference; lastKnownFileType = file.storyboard; name = Base; path = Base.lproj/Main.storyboard; sourceTree = "<group>"; };
		78D4CBED1F19CEE900406EFD /* CoolSlidingMenu.xcdatamodel */ = {isa = PBXFileReference; lastKnownFileType = wrapper.xcdatamodel; path = CoolSlidingMenu.xcdatamodel; sourceTree = "<group>"; };
		78D4CBEF1F19CEE900406EFD /* Assets.xcassets */ = {isa = PBXFileReference; lastKnownFileType = folder.assetcatalog; path = Assets.xcassets; sourceTree = "<group>"; };
		78D4CBF21F19CEE900406EFD /* Base */ = {isa = PBXFileReference; lastKnownFileType = file.storyboard; name = Base; path = Base.lproj/LaunchScreen.storyboard; sourceTree = "<group>"; };
		78D4CBF41F19CEE900406EFD /* Info.plist */ = {isa = PBXFileReference; lastKnownFileType = text.plist.xml; path = Info.plist; sourceTree = "<group>"; };
		78D4CBF91F19CEE900406EFD /* CoolSlidingMenuTests.xctest */ = {isa = PBXFileReference; explicitFileType = wrapper.cfbundle; includeInIndex = 0; path = CoolSlidingMenuTests.xctest; sourceTree = BUILT_PRODUCTS_DIR; };
		78D4CBFD1F19CEE900406EFD /* CoolSlidingMenuTests.swift */ = {isa = PBXFileReference; lastKnownFileType = sourcecode.swift; path = CoolSlidingMenuTests.swift; sourceTree = "<group>"; };
		78D4CBFF1F19CEE900406EFD /* Info.plist */ = {isa = PBXFileReference; lastKnownFileType = text.plist.xml; path = Info.plist; sourceTree = "<group>"; };
		78D4CC041F19CEE900406EFD /* CoolSlidingMenuUITests.xctest */ = {isa = PBXFileReference; explicitFileType = wrapper.cfbundle; includeInIndex = 0; path = CoolSlidingMenuUITests.xctest; sourceTree = BUILT_PRODUCTS_DIR; };
		78D4CC081F19CEE900406EFD /* CoolSlidingMenuUITests.swift */ = {isa = PBXFileReference; lastKnownFileType = sourcecode.swift; path = CoolSlidingMenuUITests.swift; sourceTree = "<group>"; };
		78D4CC0A1F19CEE900406EFD /* Info.plist */ = {isa = PBXFileReference; lastKnownFileType = text.plist.xml; path = Info.plist; sourceTree = "<group>"; };
		78D4CC1E1F19CFBA00406EFD /* ViewController.swift */ = {isa = PBXFileReference; fileEncoding = 4; lastKnownFileType = sourcecode.swift; path = ViewController.swift; sourceTree = "<group>"; };
		78D4CC201F19D01900406EFD /* DemoTableViewController.swift */ = {isa = PBXFileReference; fileEncoding = 4; lastKnownFileType = sourcecode.swift; path = DemoTableViewController.swift; sourceTree = "<group>"; };
		78D4CC601F19D0BB00406EFD /* back@2x.png */ = {isa = PBXFileReference; lastKnownFileType = image.png; path = "back@2x.png"; sourceTree = "<group>"; };
		78D4CC611F19D0BB00406EFD /* background_home_searchBar@2x.png */ = {isa = PBXFileReference; lastKnownFileType = image.png; path = "background_home_searchBar@2x.png"; sourceTree = "<group>"; };
		78D4CC621F19D0BB00406EFD /* bg_customReview_image_default.png */ = {isa = PBXFileReference; lastKnownFileType = image.png; path = bg_customReview_image_default.png; sourceTree = "<group>"; };
		78D4CC631F19D0BB00406EFD /* btn_backItem.png */ = {isa = PBXFileReference; lastKnownFileType = image.png; path = btn_backItem.png; sourceTree = "<group>"; };
		78D4CC641F19D0BB00406EFD /* ic_deal_noBooking@2x.png */ = {isa = PBXFileReference; lastKnownFileType = image.png; path = "ic_deal_noBooking@2x.png"; sourceTree = "<group>"; };
		78D4CC651F19D0BB00406EFD /* icon_collect.png */ = {isa = PBXFileReference; lastKnownFileType = image.png; path = icon_collect.png; sourceTree = "<group>"; };
		78D4CC661F19D0BB00406EFD /* icon_collect_highlighted.png */ = {isa = PBXFileReference; lastKnownFileType = image.png; path = icon_collect_highlighted.png; sourceTree = "<group>"; };
		78D4CC671F19D0BB00406EFD /* icon_deal_anytime_refund@2x.png */ = {isa = PBXFileReference; lastKnownFileType = image.png; path = "icon_deal_anytime_refund@2x.png"; sourceTree = "<group>"; };
		78D4CC681F19D0BB00406EFD /* icon_homepage_beautyCategory.png */ = {isa = PBXFileReference; lastKnownFileType = image.png; path = icon_homepage_beautyCategory.png; sourceTree = "<group>"; };
		78D4CC691F19D0BB00406EFD /* icon_homepage_default.png */ = {isa = PBXFileReference; lastKnownFileType = image.png; path = icon_homepage_default.png; sourceTree = "<group>"; };
		78D4CC6A1F19D0BB00406EFD /* icon_homepage_downArrow@2x.png */ = {isa = PBXFileReference; lastKnownFileType = image.png; path = "icon_homepage_downArrow@2x.png"; sourceTree = "<group>"; };
		78D4CC6B1F19D0BB00406EFD /* icon_homepage_entertainmentCategory.png */ = {isa = PBXFileReference; lastKnownFileType = image.png; path = icon_homepage_entertainmentCategory.png; sourceTree = "<group>"; };
		78D4CC6C1F19D0BB00406EFD /* icon_homepage_foodCategory.png */ = {isa = PBXFileReference; lastKnownFileType = image.png; path = icon_homepage_foodCategory.png; sourceTree = "<group>"; };
		78D4CC6D1F19D0BB00406EFD /* icon_homepage_foottreatCategory.png */ = {isa = PBXFileReference; lastKnownFileType = image.png; path = icon_homepage_foottreatCategory.png; sourceTree = "<group>"; };
		78D4CC6E1F19D0BB00406EFD /* icon_homepage_hotelCategory.png */ = {isa = PBXFileReference; lastKnownFileType = image.png; path = icon_homepage_hotelCategory.png; sourceTree = "<group>"; };
		78D4CC6F1F19D0BB00406EFD /* icon_homepage_KTVCategory.png */ = {isa = PBXFileReference; lastKnownFileType = image.png; path = icon_homepage_KTVCategory.png; sourceTree = "<group>"; };
		78D4CC701F19D0BB00406EFD /* icon_homepage_lifeServiceCategory.png */ = {isa = PBXFileReference; lastKnownFileType = image.png; path = icon_homepage_lifeServiceCategory.png; sourceTree = "<group>"; };
		78D4CC711F19D0BB00406EFD /* icon_homepage_map.png */ = {isa = PBXFileReference; lastKnownFileType = image.png; path = icon_homepage_map.png; sourceTree = "<group>"; };
		78D4CC721F19D0BB00406EFD /* icon_homepage_map_old.png */ = {isa = PBXFileReference; lastKnownFileType = image.png; path = icon_homepage_map_old.png; sourceTree = "<group>"; };
		78D4CC731F19D0BB00406EFD /* icon_homepage_map_selected.png */ = {isa = PBXFileReference; lastKnownFileType = image.png; path = icon_homepage_map_selected.png; sourceTree = "<group>"; };
		78D4CC741F19D0BB00406EFD /* icon_homepage_map_selected_old.png */ = {isa = PBXFileReference; lastKnownFileType = image.png; path = icon_homepage_map_selected_old.png; sourceTree = "<group>"; };
		78D4CC751F19D0BB00406EFD /* icon_homepage_movieCategory.png */ = {isa = PBXFileReference; lastKnownFileType = image.png; path = icon_homepage_movieCategory.png; sourceTree = "<group>"; };
		78D4CC761F19D0BB00406EFD /* icon_homepage_search.png */ = {isa = PBXFileReference; lastKnownFileType = image.png; path = icon_homepage_search.png; sourceTree = "<group>"; };
		78D4CC771F19D0BB00406EFD /* icon_homepage_shoppingCategory.png */ = {isa = PBXFileReference; lastKnownFileType = image.png; path = icon_homepage_shoppingCategory.png; sourceTree = "<group>"; };
		78D4CC781F19D0BB00406EFD /* icon_homepage_takeoutCategory.png */ = {isa = PBXFileReference; lastKnownFileType = image.png; path = icon_homepage_takeoutCategory.png; sourceTree = "<group>"; };
		78D4CC791F19D0BB00406EFD /* icon_homepage_upArrow@2x.png */ = {isa = PBXFileReference; lastKnownFileType = image.png; path = "icon_homepage_upArrow@2x.png"; sourceTree = "<group>"; };
		78D4CC7A1F19D0BB00406EFD /* icon_merchant_share_highlighted.png */ = {isa = PBXFileReference; lastKnownFileType = image.png; path = icon_merchant_share_highlighted.png; sourceTree = "<group>"; };
		78D4CC7B1F19D0BB00406EFD /* icon_merchant_share_normal.png */ = {isa = PBXFileReference; lastKnownFileType = image.png; path = icon_merchant_share_normal.png; sourceTree = "<group>"; };
		78D4CC7C1F19D0BB00406EFD /* todaySpecialHeaderTitleImage@2x.png */ = {isa = PBXFileReference; lastKnownFileType = image.png; path = "todaySpecialHeaderTitleImage@2x.png"; sourceTree = "<group>"; };
		78D4CC7D1F19D0BB00406EFD /* todaySpecialHeaderTitleImage@3x.png */ = {isa = PBXFileReference; lastKnownFileType = image.png; path = "todaySpecialHeaderTitleImage@3x.png"; sourceTree = "<group>"; };
		78D4CC9C1F19D0CB00406EFD /* menuData.plist */ = {isa = PBXFileReference; fileEncoding = 4; lastKnownFileType = text.plist.xml; path = menuData.plist; sourceTree = "<group>"; };
		78D4CC9E1F19D10100406EFD /* Demo1stTableViewCell.swift */ = {isa = PBXFileReference; fileEncoding = 4; lastKnownFileType = sourcecode.swift; path = Demo1stTableViewCell.swift; sourceTree = "<group>"; };
		78D4CCA01F19D12700406EFD /* CoolSlidingMenuView.swift */ = {isa = PBXFileReference; fileEncoding = 4; lastKnownFileType = sourcecode.swift; path = CoolSlidingMenuView.swift; sourceTree = "<group>"; };
		78D4CCA21F19D16A00406EFD /* CoolSlidingMenuCollectionViewCell.swift */ = {isa = PBXFileReference; fileEncoding = 4; lastKnownFileType = sourcecode.swift; path = CoolSlidingMenuCollectionViewCell.swift; sourceTree = "<group>"; };
		78D4CCA31F19D16A00406EFD /* CoolSlidingMenuCollectionViewCell.xib */ = {isa = PBXFileReference; fileEncoding = 4; lastKnownFileType = file.xib; path = CoolSlidingMenuCollectionViewCell.xib; sourceTree = "<group>"; };
		78D4CCA61F19D19100406EFD /* CoolSlidingMenuManager.swift */ = {isa = PBXFileReference; fileEncoding = 4; lastKnownFileType = sourcecode.swift; path = CoolSlidingMenuManager.swift; sourceTree = "<group>"; };
/* End PBXFileReference section */

/* Begin PBXFrameworksBuildPhase section */
		78D4CBDF1F19CEE900406EFD /* Frameworks */ = {
			isa = PBXFrameworksBuildPhase;
			buildActionMask = 2147483647;
			files = (
			);
			runOnlyForDeploymentPostprocessing = 0;
		};
		78D4CBF61F19CEE900406EFD /* Frameworks */ = {
			isa = PBXFrameworksBuildPhase;
			buildActionMask = 2147483647;
			files = (
			);
			runOnlyForDeploymentPostprocessing = 0;
		};
		78D4CC011F19CEE900406EFD /* Frameworks */ = {
			isa = PBXFrameworksBuildPhase;
			buildActionMask = 2147483647;
			files = (
			);
			runOnlyForDeploymentPostprocessing = 0;
		};
/* End PBXFrameworksBuildPhase section */

/* Begin PBXGroup section */
		78D4CBD91F19CEE900406EFD = {
			isa = PBXGroup;
			children = (
				78D4CBE41F19CEE900406EFD /* CoolSlidingMenu */,
				78D4CBFC1F19CEE900406EFD /* CoolSlidingMenuTests */,
				78D4CC071F19CEE900406EFD /* CoolSlidingMenuUITests */,
				78D4CBE31F19CEE900406EFD /* Products */,
			);
			sourceTree = "<group>";
		};
		78D4CBE31F19CEE900406EFD /* Products */ = {
			isa = PBXGroup;
			children = (
				78D4CBE21F19CEE900406EFD /* CoolSlidingMenu.app */,
				78D4CBF91F19CEE900406EFD /* CoolSlidingMenuTests.xctest */,
				78D4CC041F19CEE900406EFD /* CoolSlidingMenuUITests.xctest */,
			);
			name = Products;
			sourceTree = "<group>";
		};
		78D4CBE41F19CEE900406EFD /* CoolSlidingMenu */ = {
			isa = PBXGroup;
			children = (
				78D4CC161F19CF3D00406EFD /* CoolSlidingMenu */,
				78D4CC171F19CF3D00406EFD /* Demo */,
				78D4CBE51F19CEE900406EFD /* AppDelegate.swift */,
				78D4CBE91F19CEE900406EFD /* Main.storyboard */,
				78D4CBEF1F19CEE900406EFD /* Assets.xcassets */,
				78D4CBF11F19CEE900406EFD /* LaunchScreen.storyboard */,
				78D4CBF41F19CEE900406EFD /* Info.plist */,
				78D4CBEC1F19CEE900406EFD /* CoolSlidingMenu.xcdatamodeld */,
			);
			path = CoolSlidingMenu;
			sourceTree = "<group>";
		};
		78D4CBFC1F19CEE900406EFD /* CoolSlidingMenuTests */ = {
			isa = PBXGroup;
			children = (
				78D4CBFD1F19CEE900406EFD /* CoolSlidingMenuTests.swift */,
				78D4CBFF1F19CEE900406EFD /* Info.plist */,
			);
			path = CoolSlidingMenuTests;
			sourceTree = "<group>";
		};
		78D4CC071F19CEE900406EFD /* CoolSlidingMenuUITests */ = {
			isa = PBXGroup;
			children = (
				78D4CC081F19CEE900406EFD /* CoolSlidingMenuUITests.swift */,
				78D4CC0A1F19CEE900406EFD /* Info.plist */,
			);
			path = CoolSlidingMenuUITests;
			sourceTree = "<group>";
		};
		78D4CC161F19CF3D00406EFD /* CoolSlidingMenu */ = {
			isa = PBXGroup;
			children = (
				78D4CCA01F19D12700406EFD /* CoolSlidingMenuView.swift */,
				78D4CCA21F19D16A00406EFD /* CoolSlidingMenuCollectionViewCell.swift */,
				78D4CCA31F19D16A00406EFD /* CoolSlidingMenuCollectionViewCell.xib */,
				78D4CCA61F19D19100406EFD /* CoolSlidingMenuManager.swift */,
			);
			path = CoolSlidingMenu;
			sourceTree = "<group>";
		};
		78D4CC171F19CF3D00406EFD /* Demo */ = {
			isa = PBXGroup;
			children = (
				78D4CC221F19D04C00406EFD /* resource */,
				78D4CC181F19CF3D00406EFD /* controller */,
				78D4CC191F19CF3D00406EFD /* view */,
			);
			path = Demo;
			sourceTree = "<group>";
		};
		78D4CC181F19CF3D00406EFD /* controller */ = {
			isa = PBXGroup;
			children = (
				78D4CC1E1F19CFBA00406EFD /* ViewController.swift */,
				78D4CC201F19D01900406EFD /* DemoTableViewController.swift */,
			);
			path = controller;
			sourceTree = "<group>";
		};
		78D4CC191F19CF3D00406EFD /* view */ = {
			isa = PBXGroup;
			children = (
				78D4CC9E1F19D10100406EFD /* Demo1stTableViewCell.swift */,
			);
			path = view;
			sourceTree = "<group>";
		};
		78D4CC221F19D04C00406EFD /* resource */ = {
			isa = PBXGroup;
			children = (
				78D4CC9C1F19D0CB00406EFD /* menuData.plist */,
				78D4CC5F1F19D0BB00406EFD /* Images */,
			);
			path = resource;
			sourceTree = "<group>";
		};
		78D4CC5F1F19D0BB00406EFD /* Images */ = {
			isa = PBXGroup;
			children = (
				78D4CC601F19D0BB00406EFD /* back@2x.png */,
				78D4CC611F19D0BB00406EFD /* background_home_searchBar@2x.png */,
				78D4CC621F19D0BB00406EFD /* bg_customReview_image_default.png */,
				78D4CC631F19D0BB00406EFD /* btn_backItem.png */,
				78D4CC641F19D0BB00406EFD /* ic_deal_noBooking@2x.png */,
				78D4CC651F19D0BB00406EFD /* icon_collect.png */,
				78D4CC661F19D0BB00406EFD /* icon_collect_highlighted.png */,
				78D4CC671F19D0BB00406EFD /* icon_deal_anytime_refund@2x.png */,
				78D4CC681F19D0BB00406EFD /* icon_homepage_beautyCategory.png */,
				78D4CC691F19D0BB00406EFD /* icon_homepage_default.png */,
				78D4CC6A1F19D0BB00406EFD /* icon_homepage_downArrow@2x.png */,
				78D4CC6B1F19D0BB00406EFD /* icon_homepage_entertainmentCategory.png */,
				78D4CC6C1F19D0BB00406EFD /* icon_homepage_foodCategory.png */,
				78D4CC6D1F19D0BB00406EFD /* icon_homepage_foottreatCategory.png */,
				78D4CC6E1F19D0BB00406EFD /* icon_homepage_hotelCategory.png */,
				78D4CC6F1F19D0BB00406EFD /* icon_homepage_KTVCategory.png */,
				78D4CC701F19D0BB00406EFD /* icon_homepage_lifeServiceCategory.png */,
				78D4CC711F19D0BB00406EFD /* icon_homepage_map.png */,
				78D4CC721F19D0BB00406EFD /* icon_homepage_map_old.png */,
				78D4CC731F19D0BB00406EFD /* icon_homepage_map_selected.png */,
				78D4CC741F19D0BB00406EFD /* icon_homepage_map_selected_old.png */,
				78D4CC751F19D0BB00406EFD /* icon_homepage_movieCategory.png */,
				78D4CC761F19D0BB00406EFD /* icon_homepage_search.png */,
				78D4CC771F19D0BB00406EFD /* icon_homepage_shoppingCategory.png */,
				78D4CC781F19D0BB00406EFD /* icon_homepage_takeoutCategory.png */,
				78D4CC791F19D0BB00406EFD /* icon_homepage_upArrow@2x.png */,
				78D4CC7A1F19D0BB00406EFD /* icon_merchant_share_highlighted.png */,
				78D4CC7B1F19D0BB00406EFD /* icon_merchant_share_normal.png */,
				78D4CC7C1F19D0BB00406EFD /* todaySpecialHeaderTitleImage@2x.png */,
				78D4CC7D1F19D0BB00406EFD /* todaySpecialHeaderTitleImage@3x.png */,
			);
			path = Images;
			sourceTree = "<group>";
		};
/* End PBXGroup section */

/* Begin PBXNativeTarget section */
		78D4CBE11F19CEE900406EFD /* CoolSlidingMenu */ = {
			isa = PBXNativeTarget;
			buildConfigurationList = 78D4CC0D1F19CEE900406EFD /* Build configuration list for PBXNativeTarget "CoolSlidingMenu" */;
			buildPhases = (
				78D4CBDE1F19CEE900406EFD /* Sources */,
				78D4CBDF1F19CEE900406EFD /* Frameworks */,
				78D4CBE01F19CEE900406EFD /* Resources */,
				78D4CCA81F19E2A600406EFD /* ShellScript */,
			);
			buildRules = (
			);
			dependencies = (
			);
			name = CoolSlidingMenu;
			productName = CoolSlidingMenu;
			productReference = 78D4CBE21F19CEE900406EFD /* CoolSlidingMenu.app */;
			productType = "com.apple.product-type.application";
		};
		78D4CBF81F19CEE900406EFD /* CoolSlidingMenuTests */ = {
			isa = PBXNativeTarget;
			buildConfigurationList = 78D4CC101F19CEE900406EFD /* Build configuration list for PBXNativeTarget "CoolSlidingMenuTests" */;
			buildPhases = (
				78D4CBF51F19CEE900406EFD /* Sources */,
				78D4CBF61F19CEE900406EFD /* Frameworks */,
				78D4CBF71F19CEE900406EFD /* Resources */,
			);
			buildRules = (
			);
			dependencies = (
				78D4CBFB1F19CEE900406EFD /* PBXTargetDependency */,
			);
			name = CoolSlidingMenuTests;
			productName = CoolSlidingMenuTests;
			productReference = 78D4CBF91F19CEE900406EFD /* CoolSlidingMenuTests.xctest */;
			productType = "com.apple.product-type.bundle.unit-test";
		};
		78D4CC031F19CEE900406EFD /* CoolSlidingMenuUITests */ = {
			isa = PBXNativeTarget;
			buildConfigurationList = 78D4CC131F19CEE900406EFD /* Build configuration list for PBXNativeTarget "CoolSlidingMenuUITests" */;
			buildPhases = (
				78D4CC001F19CEE900406EFD /* Sources */,
				78D4CC011F19CEE900406EFD /* Frameworks */,
				78D4CC021F19CEE900406EFD /* Resources */,
			);
			buildRules = (
			);
			dependencies = (
				78D4CC061F19CEE900406EFD /* PBXTargetDependency */,
			);
			name = CoolSlidingMenuUITests;
			productName = CoolSlidingMenuUITests;
			productReference = 78D4CC041F19CEE900406EFD /* CoolSlidingMenuUITests.xctest */;
			productType = "com.apple.product-type.bundle.ui-testing";
		};
/* End PBXNativeTarget section */

/* Begin PBXProject section */
		78D4CBDA1F19CEE900406EFD /* Project object */ = {
			isa = PBXProject;
			attributes = {
				LastSwiftUpdateCheck = 0830;
				LastUpgradeCheck = 0830;
				ORGANIZATIONNAME = "陈波";
				TargetAttributes = {
					78D4CBE11F19CEE900406EFD = {
						CreatedOnToolsVersion = 8.3.3;
						DevelopmentTeam = JFQY5DS237;
						ProvisioningStyle = Automatic;
					};
					78D4CBF81F19CEE900406EFD = {
						CreatedOnToolsVersion = 8.3.3;
						DevelopmentTeam = JFQY5DS237;
						ProvisioningStyle = Automatic;
						TestTargetID = 78D4CBE11F19CEE900406EFD;
					};
					78D4CC031F19CEE900406EFD = {
						CreatedOnToolsVersion = 8.3.3;
						DevelopmentTeam = JFQY5DS237;
						ProvisioningStyle = Automatic;
						TestTargetID = 78D4CBE11F19CEE900406EFD;
					};
				};
			};
			buildConfigurationList = 78D4CBDD1F19CEE900406EFD /* Build configuration list for PBXProject "CoolSlidingMenu" */;
			compatibilityVersion = "Xcode 3.2";
			developmentRegion = English;
			hasScannedForEncodings = 0;
			knownRegions = (
				en,
				Base,
			);
			mainGroup = 78D4CBD91F19CEE900406EFD;
			productRefGroup = 78D4CBE31F19CEE900406EFD /* Products */;
			projectDirPath = "";
			projectRoot = "";
			targets = (
				78D4CBE11F19CEE900406EFD /* CoolSlidingMenu */,
				78D4CBF81F19CEE900406EFD /* CoolSlidingMenuTests */,
				78D4CC031F19CEE900406EFD /* CoolSlidingMenuUITests */,
			);
		};
/* End PBXProject section */

/* Begin PBXResourcesBuildPhase section */
		78D4CBE01F19CEE900406EFD /* Resources */ = {
			isa = PBXResourcesBuildPhase;
			buildActionMask = 2147483647;
			files = (
				78D4CC961F19D0BB00406EFD /* icon_homepage_takeoutCategory.png in Resources */,
				78D4CBF31F19CEE900406EFD /* LaunchScreen.storyboard in Resources */,
				78D4CC981F19D0BB00406EFD /* icon_merchant_share_highlighted.png in Resources */,
				78D4CC811F19D0BB00406EFD /* btn_backItem.png in Resources */,
				78D4CC7E1F19D0BB00406EFD /* back@2x.png in Resources */,
				78D4CC851F19D0BB00406EFD /* icon_deal_anytime_refund@2x.png in Resources */,
				78D4CC8B1F19D0BB00406EFD /* icon_homepage_foottreatCategory.png in Resources */,
				78D4CC8C1F19D0BB00406EFD /* icon_homepage_hotelCategory.png in Resources */,
				78D4CC8D1F19D0BB00406EFD /* icon_homepage_KTVCategory.png in Resources */,
				78D4CC9D1F19D0CB00406EFD /* menuData.plist in Resources */,
				78D4CC991F19D0BB00406EFD /* icon_merchant_share_normal.png in Resources */,
				78D4CC8A1F19D0BB00406EFD /* icon_homepage_foodCategory.png in Resources */,
				78D4CC831F19D0BB00406EFD /* icon_collect.png in Resources */,
				78D4CCA51F19D16A00406EFD /* CoolSlidingMenuCollectionViewCell.xib in Resources */,
				78D4CC971F19D0BB00406EFD /* icon_homepage_upArrow@2x.png in Resources */,
				78D4CC821F19D0BB00406EFD /* ic_deal_noBooking@2x.png in Resources */,
				78D4CC891F19D0BB00406EFD /* icon_homepage_entertainmentCategory.png in Resources */,
				78D4CC931F19D0BB00406EFD /* icon_homepage_movieCategory.png in Resources */,
				78D4CC9A1F19D0BB00406EFD /* todaySpecialHeaderTitleImage@2x.png in Resources */,
				78D4CBF01F19CEE900406EFD /* Assets.xcassets in Resources */,
				78D4CC911F19D0BB00406EFD /* icon_homepage_map_selected.png in Resources */,
				78D4CC8F1F19D0BB00406EFD /* icon_homepage_map.png in Resources */,
				78D4CC921F19D0BB00406EFD /* icon_homepage_map_selected_old.png in Resources */,
				78D4CC801F19D0BB00406EFD /* bg_customReview_image_default.png in Resources */,
				78D4CC861F19D0BB00406EFD /* icon_homepage_beautyCategory.png in Resources */,
				78D4CC941F19D0BB00406EFD /* icon_homepage_search.png in Resources */,
				78D4CC9B1F19D0BB00406EFD /* todaySpecialHeaderTitleImage@3x.png in Resources */,
				78D4CC841F19D0BB00406EFD /* icon_collect_highlighted.png in Resources */,
				78D4CC7F1F19D0BB00406EFD /* background_home_searchBar@2x.png in Resources */,
				78D4CC8E1F19D0BB00406EFD /* icon_homepage_lifeServiceCategory.png in Resources */,
				78D4CBEB1F19CEE900406EFD /* Main.storyboard in Resources */,
				78D4CC951F19D0BB00406EFD /* icon_homepage_shoppingCategory.png in Resources */,
				78D4CC871F19D0BB00406EFD /* icon_homepage_default.png in Resources */,
				78D4CC881F19D0BB00406EFD /* icon_homepage_downArrow@2x.png in Resources */,
				78D4CC901F19D0BB00406EFD /* icon_homepage_map_old.png in Resources */,
			);
			runOnlyForDeploymentPostprocessing = 0;
		};
		78D4CBF71F19CEE900406EFD /* Resources */ = {
			isa = PBXResourcesBuildPhase;
			buildActionMask = 2147483647;
			files = (
			);
			runOnlyForDeploymentPostprocessing = 0;
		};
		78D4CC021F19CEE900406EFD /* Resources */ = {
			isa = PBXResourcesBuildPhase;
			buildActionMask = 2147483647;
			files = (
			);
			runOnlyForDeploymentPostprocessing = 0;
		};
/* End PBXResourcesBuildPhase section */

/* Begin PBXShellScriptBuildPhase section */
		78D4CCA81F19E2A600406EFD /* ShellScript */ = {
			isa = PBXShellScriptBuildPhase;
			buildActionMask = 2147483647;
			files = (
			);
			inputPaths = (
			);
			outputPaths = (
			);
			runOnlyForDeploymentPostprocessing = 0;
			shellPath = /bin/sh;
			shellScript = "TAGS=\"TODO:|FIXME:\"\necho \"searching ${SRCROOT} for ${TAGS}\"\nfind \"${SRCROOT}\" \\( -name \"*.swift\" \\) -print0 | xargs -0 egrep --with-filename --line-number --only-matching \"($TAGS).*\\$\" | perl -p -e \"s/($TAGS)/ warning: \\$1/\"";
		};
/* End PBXShellScriptBuildPhase section */

/* Begin PBXSourcesBuildPhase section */
		78D4CBDE1F19CEE900406EFD /* Sources */ = {
			isa = PBXSourcesBuildPhase;
			buildActionMask = 2147483647;
			files = (
				78D4CC211F19D01900406EFD /* DemoTableViewController.swift in Sources */,
				78D4CC1F1F19CFBA00406EFD /* ViewController.swift in Sources */,
				78D4CBE61F19CEE900406EFD /* AppDelegate.swift in Sources */,
				78D4CBEE1F19CEE900406EFD /* CoolSlidingMenu.xcdatamodeld in Sources */,
				78D4CC9F1F19D10100406EFD /* Demo1stTableViewCell.swift in Sources */,
				78D4CCA41F19D16A00406EFD /* CoolSlidingMenuCollectionViewCell.swift in Sources */,
				78D4CCA71F19D19100406EFD /* CoolSlidingMenuManager.swift in Sources */,
				78D4CCA11F19D12700406EFD /* CoolSlidingMenuView.swift in Sources */,
			);
			runOnlyForDeploymentPostprocessing = 0;
		};
		78D4CBF51F19CEE900406EFD /* Sources */ = {
			isa = PBXSourcesBuildPhase;
			buildActionMask = 2147483647;
			files = (
				78D4CBFE1F19CEE900406EFD /* CoolSlidingMenuTests.swift in Sources */,
			);
			runOnlyForDeploymentPostprocessing = 0;
		};
		78D4CC001F19CEE900406EFD /* Sources */ = {
			isa = PBXSourcesBuildPhase;
			buildActionMask = 2147483647;
			files = (
				78D4CC091F19CEE900406EFD /* CoolSlidingMenuUITests.swift in Sources */,
			);
			runOnlyForDeploymentPostprocessing = 0;
		};
/* End PBXSourcesBuildPhase section */

/* Begin PBXTargetDependency section */
		78D4CBFB1F19CEE900406EFD /* PBXTargetDependency */ = {
			isa = PBXTargetDependency;
			target = 78D4CBE11F19CEE900406EFD /* CoolSlidingMenu */;
			targetProxy = 78D4CBFA1F19CEE900406EFD /* PBXContainerItemProxy */;
		};
		78D4CC061F19CEE900406EFD /* PBXTargetDependency */ = {
			isa = PBXTargetDependency;
			target = 78D4CBE11F19CEE900406EFD /* CoolSlidingMenu */;
			targetProxy = 78D4CC051F19CEE900406EFD /* PBXContainerItemProxy */;
		};
/* End PBXTargetDependency section */

/* Begin PBXVariantGroup section */
		78D4CBE91F19CEE900406EFD /* Main.storyboard */ = {
			isa = PBXVariantGroup;
			children = (
				78D4CBEA1F19CEE900406EFD /* Base */,
			);
			name = Main.storyboard;
			sourceTree = "<group>";
		};
		78D4CBF11F19CEE900406EFD /* LaunchScreen.storyboard */ = {
			isa = PBXVariantGroup;
			children = (
				78D4CBF21F19CEE900406EFD /* Base */,
			);
			name = LaunchScreen.storyboard;
			sourceTree = "<group>";
		};
/* End PBXVariantGroup section */

/* Begin XCBuildConfiguration section */
		78D4CC0B1F19CEE900406EFD /* Debug */ = {
			isa = XCBuildConfiguration;
			buildSettings = {
				ALWAYS_SEARCH_USER_PATHS = NO;
				CLANG_ANALYZER_NONNULL = YES;
				CLANG_ANALYZER_NUMBER_OBJECT_CONVERSION = YES_AGGRESSIVE;
				CLANG_CXX_LANGUAGE_STANDARD = "gnu++0x";
				CLANG_CXX_LIBRARY = "libc++";
				CLANG_ENABLE_MODULES = YES;
				CLANG_ENABLE_OBJC_ARC = YES;
				CLANG_WARN_BOOL_CONVERSION = YES;
				CLANG_WARN_CONSTANT_CONVERSION = YES;
				CLANG_WARN_DIRECT_OBJC_ISA_USAGE = YES_ERROR;
				CLANG_WARN_DOCUMENTATION_COMMENTS = YES;
				CLANG_WARN_EMPTY_BODY = YES;
				CLANG_WARN_ENUM_CONVERSION = YES;
				CLANG_WARN_INFINITE_RECURSION = YES;
				CLANG_WARN_INT_CONVERSION = YES;
				CLANG_WARN_OBJC_ROOT_CLASS = YES_ERROR;
				CLANG_WARN_SUSPICIOUS_MOVE = YES;
				CLANG_WARN_UNREACHABLE_CODE = YES;
				CLANG_WARN__DUPLICATE_METHOD_MATCH = YES;
				"CODE_SIGN_IDENTITY[sdk=iphoneos*]" = "iPhone Developer";
				COPY_PHASE_STRIP = NO;
				DEBUG_INFORMATION_FORMAT = dwarf;
				ENABLE_STRICT_OBJC_MSGSEND = YES;
				ENABLE_TESTABILITY = YES;
				GCC_C_LANGUAGE_STANDARD = gnu99;
				GCC_DYNAMIC_NO_PIC = NO;
				GCC_NO_COMMON_BLOCKS = YES;
				GCC_OPTIMIZATION_LEVEL = 0;
				GCC_PREPROCESSOR_DEFINITIONS = (
					"DEBUG=1",
					"$(inherited)",
				);
				GCC_WARN_64_TO_32_BIT_CONVERSION = YES;
				GCC_WARN_ABOUT_RETURN_TYPE = YES_ERROR;
				GCC_WARN_UNDECLARED_SELECTOR = YES;
				GCC_WARN_UNINITIALIZED_AUTOS = YES_AGGRESSIVE;
				GCC_WARN_UNUSED_FUNCTION = YES;
				GCC_WARN_UNUSED_VARIABLE = YES;
				IPHONEOS_DEPLOYMENT_TARGET = 10.3;
				MTL_ENABLE_DEBUG_INFO = YES;
				ONLY_ACTIVE_ARCH = YES;
				SDKROOT = iphoneos;
				SWIFT_ACTIVE_COMPILATION_CONDITIONS = DEBUG;
				SWIFT_OPTIMIZATION_LEVEL = "-Onone";
				TARGETED_DEVICE_FAMILY = "1,2";
			};
			name = Debug;
		};
		78D4CC0C1F19CEE900406EFD /* Release */ = {
			isa = XCBuildConfiguration;
			buildSettings = {
				ALWAYS_SEARCH_USER_PATHS = NO;
				CLANG_ANALYZER_NONNULL = YES;
				CLANG_ANALYZER_NUMBER_OBJECT_CONVERSION = YES_AGGRESSIVE;
				CLANG_CXX_LANGUAGE_STANDARD = "gnu++0x";
				CLANG_CXX_LIBRARY = "libc++";
				CLANG_ENABLE_MODULES = YES;
				CLANG_ENABLE_OBJC_ARC = YES;
				CLANG_WARN_BOOL_CONVERSION = YES;
				CLANG_WARN_CONSTANT_CONVERSION = YES;
				CLANG_WARN_DIRECT_OBJC_ISA_USAGE = YES_ERROR;
				CLANG_WARN_DOCUMENTATION_COMMENTS = YES;
				CLANG_WARN_EMPTY_BODY = YES;
				CLANG_WARN_ENUM_CONVERSION = YES;
				CLANG_WARN_INFINITE_RECURSION = YES;
				CLANG_WARN_INT_CONVERSION = YES;
				CLANG_WARN_OBJC_ROOT_CLASS = YES_ERROR;
				CLANG_WARN_SUSPICIOUS_MOVE = YES;
				CLANG_WARN_UNREACHABLE_CODE = YES;
				CLANG_WARN__DUPLICATE_METHOD_MATCH = YES;
				"CODE_SIGN_IDENTITY[sdk=iphoneos*]" = "iPhone Developer";
				COPY_PHASE_STRIP = NO;
				DEBUG_INFORMATION_FORMAT = "dwarf-with-dsym";
				ENABLE_NS_ASSERTIONS = NO;
				ENABLE_STRICT_OBJC_MSGSEND = YES;
				GCC_C_LANGUAGE_STANDARD = gnu99;
				GCC_NO_COMMON_BLOCKS = YES;
				GCC_WARN_64_TO_32_BIT_CONVERSION = YES;
				GCC_WARN_ABOUT_RETURN_TYPE = YES_ERROR;
				GCC_WARN_UNDECLARED_SELECTOR = YES;
				GCC_WARN_UNINITIALIZED_AUTOS = YES_AGGRESSIVE;
				GCC_WARN_UNUSED_FUNCTION = YES;
				GCC_WARN_UNUSED_VARIABLE = YES;
				IPHONEOS_DEPLOYMENT_TARGET = 10.3;
				MTL_ENABLE_DEBUG_INFO = NO;
				SDKROOT = iphoneos;
				SWIFT_OPTIMIZATION_LEVEL = "-Owholemodule";
				TARGETED_DEVICE_FAMILY = "1,2";
				VALIDATE_PRODUCT = YES;
			};
			name = Release;
		};
		78D4CC0E1F19CEE900406EFD /* Debug */ = {
			isa = XCBuildConfiguration;
			buildSettings = {
				ASSETCATALOG_COMPILER_APPICON_NAME = AppIcon;
				DEVELOPMENT_TEAM = JFQY5DS237;
				INFOPLIST_FILE = CoolSlidingMenu/Info.plist;
				LD_RUNPATH_SEARCH_PATHS = "$(inherited) @executable_path/Frameworks";
				PRODUCT_BUNDLE_IDENTIFIER = com.cba.CoolSlidingMenu;
				PRODUCT_NAME = "$(TARGET_NAME)";
				SWIFT_VERSION = 3.0;
			};
			name = Debug;
		};
		78D4CC0F1F19CEE900406EFD /* Release */ = {
			isa = XCBuildConfiguration;
			buildSettings = {
				ASSETCATALOG_COMPILER_APPICON_NAME = AppIcon;
				DEVELOPMENT_TEAM = JFQY5DS237;
				INFOPLIST_FILE = CoolSlidingMenu/Info.plist;
				LD_RUNPATH_SEARCH_PATHS = "$(inherited) @executable_path/Frameworks";
				PRODUCT_BUNDLE_IDENTIFIER = com.cba.CoolSlidingMenu;
				PRODUCT_NAME = "$(TARGET_NAME)";
				SWIFT_VERSION = 3.0;
			};
			name = Release;
		};
		78D4CC111F19CEE900406EFD /* Debug */ = {
			isa = XCBuildConfiguration;
			buildSettings = {
				ALWAYS_EMBED_SWIFT_STANDARD_LIBRARIES = YES;
				BUNDLE_LOADER = "$(TEST_HOST)";
				DEVELOPMENT_TEAM = JFQY5DS237;
				INFOPLIST_FILE = CoolSlidingMenuTests/Info.plist;
				LD_RUNPATH_SEARCH_PATHS = "$(inherited) @executable_path/Frameworks @loader_path/Frameworks";
				PRODUCT_BUNDLE_IDENTIFIER = com.cba.CoolSlidingMenuTests;
				PRODUCT_NAME = "$(TARGET_NAME)";
				SWIFT_VERSION = 3.0;
				TEST_HOST = "$(BUILT_PRODUCTS_DIR)/CoolSlidingMenu.app/CoolSlidingMenu";
			};
			name = Debug;
		};
		78D4CC121F19CEE900406EFD /* Release */ = {
			isa = XCBuildConfiguration;
			buildSettings = {
				ALWAYS_EMBED_SWIFT_STANDARD_LIBRARIES = YES;
				BUNDLE_LOADER = "$(TEST_HOST)";
				DEVELOPMENT_TEAM = JFQY5DS237;
				INFOPLIST_FILE = CoolSlidingMenuTests/Info.plist;
				LD_RUNPATH_SEARCH_PATHS = "$(inherited) @executable_path/Frameworks @loader_path/Frameworks";
				PRODUCT_BUNDLE_IDENTIFIER = com.cba.CoolSlidingMenuTests;
				PRODUCT_NAME = "$(TARGET_NAME)";
				SWIFT_VERSION = 3.0;
				TEST_HOST = "$(BUILT_PRODUCTS_DIR)/CoolSlidingMenu.app/CoolSlidingMenu";
			};
			name = Release;
		};
		78D4CC141F19CEE900406EFD /* Debug */ = {
			isa = XCBuildConfiguration;
			buildSettings = {
				ALWAYS_EMBED_SWIFT_STANDARD_LIBRARIES = YES;
				DEVELOPMENT_TEAM = JFQY5DS237;
				INFOPLIST_FILE = CoolSlidingMenuUITests/Info.plist;
				LD_RUNPATH_SEARCH_PATHS = "$(inherited) @executable_path/Frameworks @loader_path/Frameworks";
				PRODUCT_BUNDLE_IDENTIFIER = com.cba.CoolSlidingMenuUITests;
				PRODUCT_NAME = "$(TARGET_NAME)";
				SWIFT_VERSION = 3.0;
				TEST_TARGET_NAME = CoolSlidingMenu;
			};
			name = Debug;
		};
		78D4CC151F19CEE900406EFD /* Release */ = {
			isa = XCBuildConfiguration;
			buildSettings = {
				ALWAYS_EMBED_SWIFT_STANDARD_LIBRARIES = YES;
				DEVELOPMENT_TEAM = JFQY5DS237;
				INFOPLIST_FILE = CoolSlidingMenuUITests/Info.plist;
				LD_RUNPATH_SEARCH_PATHS = "$(inherited) @executable_path/Frameworks @loader_path/Frameworks";
				PRODUCT_BUNDLE_IDENTIFIER = com.cba.CoolSlidingMenuUITests;
				PRODUCT_NAME = "$(TARGET_NAME)";
				SWIFT_VERSION = 3.0;
				TEST_TARGET_NAME = CoolSlidingMenu;
			};
			name = Release;
		};
/* End XCBuildConfiguration section */

/* Begin XCConfigurationList section */
		78D4CBDD1F19CEE900406EFD /* Build configuration list for PBXProject "CoolSlidingMenu" */ = {
			isa = XCConfigurationList;
			buildConfigurations = (
				78D4CC0B1F19CEE900406EFD /* Debug */,
				78D4CC0C1F19CEE900406EFD /* Release */,
			);
			defaultConfigurationIsVisible = 0;
			defaultConfigurationName = Release;
		};
		78D4CC0D1F19CEE900406EFD /* Build configuration list for PBXNativeTarget "CoolSlidingMenu" */ = {
			isa = XCConfigurationList;
			buildConfigurations = (
				78D4CC0E1F19CEE900406EFD /* Debug */,
				78D4CC0F1F19CEE900406EFD /* Release */,
			);
			defaultConfigurationIsVisible = 0;
		};
		78D4CC101F19CEE900406EFD /* Build configuration list for PBXNativeTarget "CoolSlidingMenuTests" */ = {
			isa = XCConfigurationList;
			buildConfigurations = (
				78D4CC111F19CEE900406EFD /* Debug */,
				78D4CC121F19CEE900406EFD /* Release */,
			);
			defaultConfigurationIsVisible = 0;
		};
		78D4CC131F19CEE900406EFD /* Build configuration list for PBXNativeTarget "CoolSlidingMenuUITests" */ = {
			isa = XCConfigurationList;
			buildConfigurations = (
				78D4CC141F19CEE900406EFD /* Debug */,
				78D4CC151F19CEE900406EFD /* Release */,
			);
			defaultConfigurationIsVisible = 0;
		};
/* End XCConfigurationList section */

/* Begin XCVersionGroup section */
		78D4CBEC1F19CEE900406EFD /* CoolSlidingMenu.xcdatamodeld */ = {
			isa = XCVersionGroup;
			children = (
				78D4CBED1F19CEE900406EFD /* CoolSlidingMenu.xcdatamodel */,
			);
			currentVersion = 78D4CBED1F19CEE900406EFD /* CoolSlidingMenu.xcdatamodel */;
			path = CoolSlidingMenu.xcdatamodeld;
			sourceTree = "<group>";
			versionGroupType = wrapper.xcdatamodel;
		};
/* End XCVersionGroup section */
	};
	rootObject = 78D4CBDA1F19CEE900406EFD /* Project object */;
}
